version = 1
revision = 3
requires-python = "==3.14.7"

[[package]]
name = "babel"
version = "2.17.0"
source = { registry = "https://pypi.org/simple" }
sdist = { url = "https://files.pythonhosted.org/packages/7d/6b/d52e42361e1aa00709585ecc30b3f9684b3ab62530771402248b1b1d6240/babel-2.17.0.tar.gz", hash = "sha256:0c54cffb19f690cdcc52a3b50bcbf71e07a808d1c80d549f2459b9d2cf0afb9d", size = 9951852, upload-time = "2025-02-01T15:17:41.026Z" }
wheels = [
    { url = "https://files.pythonhosted.org/packages/b7/b8/3fe70c75fe32afc4bb507f75563d39bc5642255d1d94f1f23604725780bf/babel-2.17.0-py3-none-any.whl", hash = "sha256:4d0b53093fdfb4b21c92b5213dba5a1b23885afa8383709427046b21c366e5f2", size = 10182537, upload-time = "2025-02-01T15:17:37.39Z" },
]

[[package]]
name = "certifi"
version = "2025.8.3"
source = { registry = "https://pypi.org/simple" }
sdist = { url = "https://files.pythonhosted.org/packages/dc/67/960ebe6bf230a96cda2e0abcf73af550ec4f090005363542f0765df162e0/certifi-2025.8.3.tar.gz", hash = "sha256:e564105f78ded564e3ae7c923924435e1daa7463faeab5bb932bc53ffae63407", size = 162386, upload-time = "2025-08-03T03:07:47.08Z" }
wheels = [
    { url = "https://files.pythonhosted.org/packages/e5/48/1549795ba7742c948d2ad169c1c8cdbae65bc450d6cd753d124b17c8cd32/certifi-2025.8.3-py3-none-any.whl", hash = "sha256:f6c12493cfb1b06ba2ff328595af9350c65d6644968e5d3a2ffd78699af217a5", size = 161216, upload-time = "2025-08-03T03:07:45.777Z" },
]

[[package]]
name = "charset-normalizer"
version = "3.5.1"
source = { registry = "https://pypi.org/simple" }
sdist = { url = "https://files.pythonhosted.org/packages/e5/3f/143b048436775b0f76ac3eec145c019e8173ccc2885c8f20319b996d5e83/charset_normalizer-3.5.1.tar.gz", hash = "sha256:6117b84ea48435e5356dc737f5121485c30920ba43375fa7b434fd753df0eac3", size = 171764, upload-time = "2026-08-15T08:20:44.807Z" }
wheels = [
    { url = "https://files.pythonhosted.org/packages/29/cd/2b812ce5e888f1ce69a5350281e58aab07ae64a958ecae8912f30865718e/charset_normalizer-3.5.1-cp314-cp314-android_24_arm64_v8a.whl", hash = "sha256:774d157f112367ff4abd29019f38f023c24e00e56edc7829c20e358a5a913ad8", size = 212318, upload-time = "2026-08-15T08:18:04.403Z" },
    { url = "https://files.pythonhosted.org/packages/9e/4a/a6ee107430768a5334e6d63f31f148a04a1a491ef161a1ac9415a73f2fa8/charset_normalizer-3.5.1-cp314-cp314-android_24_x86_64.whl", hash = "sha256:26422d45fd13551cf564c58932f7d72b4f58b93b0fcf18c35ba6be12b46bb102", size = 224897, upload-time = "2026-08-15T08:18:05.997Z" },
    { url = "https://files.pythonhosted.org/packages/c3/d9/35ae3f64f29d0179c35c3baefe575904df2913dde519129c7f75995a2b1d/charset_normalizer-3.5.1-cp314-cp314-ios_13_0_arm64_iphoneos.whl", hash = "sha256:09a7bba9f739468c8e78c36a75c33768e53cb1959fc638f510454c14683f00d5", size = 194848, upload-time = "2026-08-15T08:18:07.397Z" },
    { url = "https://files.pythonhosted.org/packages/74/76/f2fc7380f056cc273a53af37f50d08ad54b2c59f61078f31432edcf1c2bd/charset_normalizer-3.5.1-cp314-cp314-ios_13_0_arm64_iphonesimulator.whl", hash = "sha256:4c9548dc78002099910abaebc0a72ac58b7d30931869e0351c09b507dff4ece3", size = 198163, upload-time = "2026-08-15T08:18:08.989Z" },
    { url = "https://files.pythonhosted.org/packages/e9/40/095ce62fa078483cccc1fa2b36e6bc9580b85422a20ee9f925341c50e44f/charset_normalizer-3.5.1-cp314-cp314-macosx_10_15_universal2.whl", hash = "sha256:c428c6c31eb5f4277d7f8eccaf767fbd548ddd5ce3c8b4f4cbbfab3d96b5904c", size = 341823, upload-time = "2026-08-15T08:18:10.458Z" },
    { url = "https://files.pythonhosted.org/packages/f1/5a/0e58b1c04a1596e0256f407274a92d5fb2ee21324409d1fab1da48a65b5b/charset_normalizer-3.5.1-cp314-cp314-manylinux2014_aarch64.manylinux_2_17_aarch64.manylinux_2_28_aarch64.whl", hash = "sha256:2f06b7eae9dbe77fe1d644ca244dad508de8d302870a43f3c559b521270938a0", size = 242458, upload-time = "2026-08-15T08:18:11.989Z" },
    { url = "https://files.pythonhosted.org/packages/22/95/b4618ce912e6db0b1aae89ba788e38e8a7eba0f3025cc66e8c0699f977b2/charset_normalizer-3.5.1-cp314-cp314-manylinux2014_armv7l.manylinux_2_17_armv7l.manylinux_2_31_armv7l.whl", hash = "sha256:6b7430cf5728e68f6c462254009a6ef4086e1bea43cf2f57aa9c55fb4f50ff96", size = 226717, upload-time = "2026-08-15T08:18:13.401Z" },
    { url = "https://files.pythonhosted.org/packages/8a/76/c681192bbda3d55356db5dadd64381d5202b37c6b598fcda5282e88b5d3d/charset_normalizer-3.5.1-cp314-cp314-manylinux2014_ppc64le.manylinux_2_17_ppc64le.manylinux_2_28_ppc64le.whl", hash = "sha256:ab743e9bc90c1f73552ec33e10e3331315acd2c397b36065b591b0181de533cc", size = 266111, upload-time = "2026-08-15T08:18:14.961Z" },
    { url = "https://files.pythonhosted.org/packages/88/be/55127bfca72c0cff6c022488d140d7c5b04c771e3b72e9bdb4836d54979d/charset_normalizer-3.5.1-cp314-cp314-manylinux2014_s390x.manylinux_2_17_s390x.manylinux_2_28_s390x.whl", hash = "sha256:f6f7deae3feb4edfa2efaf7c574fe88cbf055038a6abdb40188e4fff66d5699f", size = 263128, upload-time = "2026-08-15T08:18:16.515Z" },
    { url = "https://files.pythonhosted.org/packages/e0/91/39c3af510b0aa32bbda03374259200f28430febfd1bf5e511fe765282ce5/charset_normalizer-3.5.1-cp314-cp314-manylinux2014_x86_64.manylinux_2_17_x86_64.manylinux_2_28_x86_64.whl", hash = "sha256:15f024313246a4ed976c60f440bb8d257815513a681d212ff74fd46f7d715a90", size = 251240, upload-time = "2026-08-15T08:18:18.127Z" },
    { url = "https://files.pythonhosted.org/packages/1c/a5/cbe418bbc6ecdfc3e05a0116002897c4b403a5e838d697e64c78e9f0190d/charset_normalizer-3.5.1-cp314-cp314-manylinux_2_31_riscv64.manylinux_2_39_riscv64.whl", hash = "sha256:823f82903d189af463d7df250ef1f7f696f3cee08cc8d91deb565e8d425f6506", size = 245282, upload-time = "2026-08-15T08:18:19.625Z" },
    { url = "https://files.pythonhosted.org/packages/cc/a4/689bb42e8e7cd492f3cb64907c6bc00ad247ec9a3628cd3f8eed126e8ae1/charset_normalizer-3.5.1-cp314-cp314-musllinux_1_2_aarch64.whl", hash = "sha256:01e93745f7f219b703b60ba7afead36cfc4242782be5af484673fc500df12da5", size = 244597, upload-time = "2026-08-15T08:18:21.121Z" },
    { url = "https://files.pythonhosted.org/packages/c1/ce/9962938e179cf9f699d3f1e7b3114b5d7642dee6a893745229f9dd04f274/charset_normalizer-3.5.1-cp314-cp314-musllinux_1_2_armv7l.whl", hash = "sha256:329fc3ccb63ad22d867d84c2adea759a64079a37ba4a343433b02c7a2816871e", size = 231376, upload-time = "2026-08-15T08:18:22.57Z" },
    { url = "https://files.pythonhosted.org/packages/85/54/46000450ada53bd9eac5429a2c8c54cd2d9b39c0c255f229aea9af0948a5/charset_normalizer-3.5.1-cp314-cp314-musllinux_1_2_ppc64le.whl", hash = "sha256:bb57753e36e4855b8ca375069482250a6246372331a3e4f3407eaebb007443f5", size = 266715, upload-time = "2026-08-15T08:18:24.235Z" },
    { url = "https://files.pythonhosted.org/packages/3d/bb/618749d70f792b44252a777bf89bfb86823b9bbc1ea13fe8ce759b07f38a/charset_normalizer-3.5.1-cp314-cp314-musllinux_1_2_riscv64.whl", hash = "sha256:fce8cbd4997efeb450bd298b54f755dcdff18d496f7a5ddbb4867c6d7c88fdc3", size = 245848, upload-time = "2026-08-15T08:18:25.726Z" },
    { url = "https://files.pythonhosted.org/packages/7e/3f/ffb64458527c7668031d5eb095d978de561958dc9f5b53f8e488a533e603/charset_normalizer-3.5.1-cp314-cp314-musllinux_1_2_s390x.whl", hash = "sha256:6c9cdde8becb25a7fde49924511aa2644d6f8081cc8df8e9452724303348d8e3", size = 264521, upload-time = "2026-08-15T08:18:27.193Z" },
    { url = "https://files.pythonhosted.org/packages/4f/ab/74a55fd803916a35ac461daf002708191aac19b546b80dc8cabfedc63d98/charset_normalizer-3.5.1-cp314-cp314-musllinux_1_2_x86_64.whl", hash = "sha256:9ac4444d8d4fd4c4bd08bf451ed3167aa9e7ec6cdb41b648794f1d1103652e36", size = 253054, upload-time = "2026-08-15T08:18:28.568Z" },
    { url = "https://files.pythonhosted.org/packages/a0/2a/6a9034b7d3c60b17499afb482df5878bf9fa20b50cc3887d5ef017a833db/charset_normalizer-3.5.1-cp314-cp314-pyemscripten_2026_0_wasm32.whl", hash = "sha256:f03ac127268b43ef4fe9e6ab6794a6794b49485a0cc0c1db79876d2f33f75bc7", size = 140580, upload-time = "2026-08-15T08:18:30.214Z" },
    { url = "https://files.pythonhosted.org/packages/f3/46/1d362e1a00d035d66b9869e1281eee115907f7e390a16a07824ab5737360/charset_normalizer-3.5.1-cp314-cp314-win32.whl", hash = "sha256:1f5883d77fd409a261abb5dc8ccbe335720d798b1de4abb3b1d47ccbbc76b53b", size = 180325, upload-time = "2026-08-15T08:18:31.877Z" },
    { url = "https://files.pythonhosted.org/packages/7a/7c/4938c329b6a9d446f6a59aa2092ff7118f274209b5ed0e26893d1d30a63c/charset_normalizer-3.5.1-cp314-cp314-win_amd64.whl", hash = "sha256:c658c50ac0c98cd755a2dd50b7977d3bca7df401dcc47fbdfa87db53ef7d4e8b", size = 204175, upload-time = "2026-08-15T08:18:33.466Z" },
    { url = "https://files.pythonhosted.org/packages/ac/33/eeb384dbd8dec570661354592f4f2e1b2fcc92585624d146a000caf53841/charset_normalizer-3.5.1-cp314-cp314-win_arm64.whl", hash = "sha256:4bea7f8ebe90bbd7f0e4a2de42ca6924ba23e3e76418c408ff82f1d46fabd687", size = 184123, upload-time = "2026-08-15T08:18:34.913Z" },
    { url = "https://files.pythonhosted.org/packages/1c/6c/c73fa9d5a85f6ab05395de61c5f6984e0a9ff40bb5ff888d46dff02526c6/charset_normalizer-3.5.1-cp314-cp314t-macosx_10_15_universal2.whl", hash = "sha256:fbc597639158fd7c14d55e808718848319540f51b0e6746e3eefa59723a4a348", size = 381682, upload-time = "2026-08-15T08:18:36.349Z" },
    { url = "https://files.pythonhosted.org/packages/30/c7/63565f860921457feba93bae6c86fb7746deb4cffeed2f375cb845318146/charset_normalizer-3.5.1-cp314-cp314t-manylinux2014_aarch64.manylinux_2_17_aarch64.manylinux_2_28_aarch64.whl", hash = "sha256:e71c909f353863b2b89c83de2ebed71ea6d0df8a6ef65a128193c5e650766bef", size = 240826, upload-time = "2026-08-15T08:18:37.887Z" },
    { url = "https://files.pythonhosted.org/packages/06/ae/7ae8807410dfa33f8e6f1715740adeaafa8a816cc4cb33508f54b1f7c896/charset_normalizer-3.5.1-cp314-cp314t-manylinux2014_armv7l.manylinux_2_17_armv7l.manylinux_2_31_armv7l.whl", hash = "sha256:7ac76cf9afd34929d76eb7fcb63be476a4853d8a96f0dcf2d0db68a0cbdf9885", size = 227861, upload-time = "2026-08-15T08:18:39.315Z" },
    { url = "https://files.pythonhosted.org/packages/e9/a3/887c1642f0da26000b0e0652d91071113c0e72cea33952e225cf589f49a9/charset_normalizer-3.5.1-cp314-cp314t-manylinux2014_ppc64le.manylinux_2_17_ppc64le.manylinux_2_28_ppc64le.whl", hash = "sha256:a3a370082ce34d0612f421e15fe011c53bb1feff21a26d06ad4fb244dab5a375", size = 260758, upload-time = "2026-08-15T08:18:40.88Z" },
    { url = "https://files.pythonhosted.org/packages/3e/11/e6f5b9a3d0e55b0ef7505cd3765cdd48f22db89994c947b316f52f801fd8/charset_normalizer-3.5.1-cp314-cp314t-manylinux2014_s390x.manylinux_2_17_s390x.manylinux_2_28_s390x.whl", hash = "sha256:256dd4d85d9e4dc595e2bc983c980e73f62ddeb3165c58b4c3dfe78c5c8548c1", size = 259950, upload-time = "2026-08-15T08:18:42.351Z" },
    { url = "https://files.pythonhosted.org/packages/1b/ee/e4e10a94d51cd1ee638aa7e00b65399e6b2a4e8376ab6d2eac9f95586671/charset_normalizer-3.5.1-cp314-cp314t-manylinux2014_x86_64.manylinux_2_17_x86_64.manylinux_2_28_x86_64.whl", hash = "sha256:58d4aa13a59c969dbfdf9e6a9560e242cbfd9e8a8f50c2747714df1a423adf65", size = 249329, upload-time = "2026-08-15T08:18:43.914Z" },
    { url = "https://files.pythonhosted.org/packages/c4/25/d5f4198819e6059735a84e8d0bfb72dc33976da67b97adcd3fb5a5e07ec6/charset_normalizer-3.5.1-cp314-cp314t-manylinux_2_31_riscv64.manylinux_2_39_riscv64.whl", hash = "sha256:0c6dfb5ca6723eeed15aa8e564a014d69fcb8812f94eef11fe3631e0508199f5", size = 243137, upload-time = "2026-08-15T08:18:45.368Z" },
    { url = "https://files.pythonhosted.org/packages/a5/e9/e925ca7569cf9fb9701fd82503fee73eea5268fdb856bdd64947092d3daa/charset_normalizer-3.5.1-cp314-cp314t-musllinux_1_2_aarch64.whl", hash = "sha256:c010f5581d9c612804cc59fcf7b524b707fbcb72828551237ab545bb5c7034af", size = 242820, upload-time = "2026-08-15T08:18:46.842Z" },
    { url = "https://files.pythonhosted.org/packages/34/17/672c251a888ed2aebcdd2fe830ad0104e25ff83c43f5c4f9c15e9fc6853c/charset_normalizer-3.5.1-cp314-cp314t-musllinux_1_2_armv7l.whl", hash = "sha256:52ec005752a56ae79547a05c0139ca2501a0c866390b6115008456b9f0e7cde1", size = 230504, upload-time = "2026-08-15T08:18:48.353Z" },
    { url = "https://files.pythonhosted.org/packages/3f/fc/f6a85abebd42ce4da2f1db0aa56cc6a0df1995e318b3875d14401b8381d1/charset_normalizer-3.5.1-cp314-cp314t-musllinux_1_2_ppc64le.whl", hash = "sha256:2bced4061f000f7187254a02ad3433ae17eaf991747ceea2f478422590a5bba9", size = 263087, upload-time = "2026-08-15T08:18:49.859Z" },
    { url = "https://files.pythonhosted.org/packages/98/66/7c42677e739ba66746b297e2046918d793078094dc239e1e72768cffccc6/charset_normalizer-3.5.1-cp314-cp314t-musllinux_1_2_riscv64.whl", hash = "sha256:9eea3ab2597a5e65fe65296e2d6a84570845a6b55532d90333d740d48bbc850a", size = 243269, upload-time = "2026-08-15T08:18:51.601Z" },
    { url = "https://files.pythonhosted.org/packages/de/d8/a50b79237f417af10f8c2a501ce8d1ca87829a22e69117891ca4ba20a69e/charset_normalizer-3.5.1-cp314-cp314t-musllinux_1_2_s390x.whl", hash = "sha256:496846868fea80e479324862fa877f02411f2fd0f83b79ccee2607aa68b2a032", size = 258766, upload-time = "2026-08-15T08:18:53.23Z" },
    { url = "https://files.pythonhosted.org/packages/2e/1d/0fc91aeaeb3c83b748f532399ce67cf84604b48297405d740000f7a9e786/charset_normalizer-3.5.1-cp314-cp314t-musllinux_1_2_x86_64.whl", hash = "sha256:85d5855daafc240cc045c026d7a15fd198a09b0fc8ff6f5ecbb5297b509cb11e", size = 250814, upload-time = "2026-08-15T08:18:54.768Z" },
    { url = "https://files.pythonhosted.org/packages/ae/10/3d8c777cf9024615295aa1b808324ad5b4a77855869c00824bad74ffaf8a/charset_normalizer-3.5.1-cp314-cp314t-win32.whl", hash = "sha256:58d3e12c88e0950bca850ae1f7c256055c097639c2edb9eb123af9807d8b15e4", size = 191074, upload-time = "2026-08-15T08:18:56.305Z" },
    { url = "https://files.pythonhosted.org/packages/4d/81/ae557d3c44d1a1d688696d60563413a0866a91b7ebc50f20df838be3d8c8/charset_normalizer-3.5.1-cp314-cp314t-win_amd64.whl", hash = "sha256:acaf604462bf330b0d07e7a07c1d6e4adac79e5fb13e9c5140590542cafacc00", size = 216476, upload-time = "2026-08-15T08:18:57.889Z" },
    { url = "https://files.pythonhosted.org/packages/27/e9/61c01fb8b804692569c036b3fc50495814502dcf13a60649c6055390b02c/charset_normalizer-3.5.1-cp314-cp314t-win_arm64.whl", hash = "sha256:fdb8a068947befafba9952162645dc2fecaeb400e64584829ed5e9b2fbe21a7f", size = 194115, upload-time = "2026-08-15T08:18:59.418Z" },
    { url = "https://files.pythonhosted.org/packages/5b/97/fb4e82231aba271ffd775a1b4993b0defc4e3059f286ae41d9433409fe85/charset_normalizer-3.5.1-cp37-abi3-macosx_10_9_universal2.whl", hash = "sha256:41876ee62a3dddf48ff1121ad8f0798032aa03f2fd35f21f34a4cab14f18d8d2", size = 331467, upload-time = "2026-08-15T08:19:50.959Z" },
    { url = "https://files.pythonhosted.org/packages/9f/2f/fe3f187327aac18e2d54e9d2b08e15d27bf9b642d9e51c219f130fc34d1a/charset_normalizer-3.5.1-cp37-abi3-manylinux1_x86_64.manylinux_2_28_x86_64.manylinux_2_5_x86_64.whl", hash = "sha256:a6dac12ff6b846103483683f60c5f8fee205121adc58ffd87e90a90a3af69e99", size = 253057, upload-time = "2026-08-15T08:19:52.654Z" },
    { url = "https://files.pythonhosted.org/packages/d7/c7/9e48cee5c161fe24da823b61bf381921d77cb994a0a4de148e95018c1984/charset_normalizer-3.5.1-cp37-abi3-manylinux2014_aarch64.manylinux_2_17_aarch64.manylinux_2_28_aarch64.whl", hash = "sha256:cee5dd7c6fb5dd52a0fe2a740f9bc6e3593f5f8b1788bde49de02086f30182b2", size = 240930, upload-time = "2026-08-15T08:19:54.163Z" },
    { url = "https://files.pythonhosted.org/packages/49/e0/716601f3cc69be7b198951150c75ead1ece33c3c8036ff6ffa46029659a0/charset_normalizer-3.5.1-cp37-abi3-manylinux2014_armv7l.manylinux_2_17_armv7l.manylinux_2_31_armv7l.whl", hash = "sha256:343fb4f2821043bd87095f7b08a1a181febc8e36ac64212143bbfd0a0e1bc235", size = 230822, upload-time = "2026-08-15T08:19:55.807Z" },
    { url = "https://files.pythonhosted.org/packages/d3/05/71bfc5caa0abcc45aea1f6a4d50ac68e59605ddc7666fe8494f4cd229665/charset_normalizer-3.5.1-cp37-abi3-manylinux2014_ppc64le.manylinux_2_17_ppc64le.manylinux_2_28_ppc64le.whl", hash = "sha256:ae4a097991662cd4fff0ddc74e0fe7874f82e00042fa0ea00855645ed0c79598", size = 260037, upload-time = "2026-08-15T08:19:57.312Z" },
    { url = "https://files.pythonhosted.org/packages/c3/92/de7e32ed05341e7a9c4c877c318418197b7f2d66a3b68d561bf2ac57ca3e/charset_normalizer-3.5.1-cp37-abi3-manylinux2014_s390x.manylinux_2_17_s390x.manylinux_2_28_s390x.whl", hash = "sha256:4b599739b93b2cbeded49645ae3c8d1405c29ddfbceac1545c87a3f9580a9e96", size = 255097, upload-time = "2026-08-15T08:19:59.056Z" },
    { url = "https://files.pythonhosted.org/packages/f5/7b/ade0a122600319dfa0b1000ab0f9731c94a817904cf3c5de408c73a4ede7/charset_normalizer-3.5.1-cp37-abi3-manylinux_2_31_riscv64.manylinux_2_39_riscv64.whl", hash = "sha256:b39b69b347e5e47a3b5b8cfc005c68c1ba347474e3960236c4944a8ecd174962", size = 250166, upload-time = "2026-08-15T08:20:00.612Z" },
    { url = "https://files.pythonhosted.org/packages/75/9c/019fbb9f4834491a160951349b1a3714439376f66e5f7cf18b4f18f0c7aa/charset_normalizer-3.5.1-cp37-abi3-musllinux_1_2_aarch64.whl", hash = "sha256:a2028475ba855475b8b4d3cfeb4994269c967aea8b9892dfba907f4263a863a3", size = 241821, upload-time = "2026-08-15T08:20:02.321Z" },
    { url = "https://files.pythonhosted.org/packages/2b/b8/11d4840bfc99330cc7fbcc2681ee5a044553a6e77655508d8f9b2bff7b34/charset_normalizer-3.5.1-cp37-abi3-musllinux_1_2_armv7l.whl", hash = "sha256:36047af20e17097c3bb9476c2b7655f2f7aa51322c0ba58c07695bedf755a950", size = 232529, upload-time = "2026-08-15T08:20:04.008Z" },
    { url = "https://files.pythonhosted.org/packages/18/96/2b3a21492d9f65171ac75d872f5018260013d00bfa0ff70ec9f179148cbd/charset_normalizer-3.5.1-cp37-abi3-musllinux_1_2_ppc64le.whl", hash = "sha256:4c4fb141a727957c93edfe5c32a26ceb6b5f6461d67146e2d39f51e16170bea8", size = 260348, upload-time = "2026-08-15T08:20:05.877Z" },
    { url = "https://files.pythonhosted.org/packages/d6/aa/a69a2028e8bd052476c245460ab19d7de595de084dd968f2d75cd50c3e25/charset_normalizer-3.5.1-cp37-abi3-musllinux_1_2_riscv64.whl", hash = "sha256:2f293479cce755c75f1697e87c409b7ae4c555c7dfecb6e988ad13abba943031", size = 247234, upload-time = "2026-08-15T08:20:07.487Z" },
    { url = "https://files.pythonhosted.org/packages/35/8a/3d130aeabcaf3d2466af76b7b141c08d9e89c9016ab4b7cdd0f7dc2d1c62/charset_normalizer-3.5.1-cp37-abi3-musllinux_1_2_s390x.whl", hash = "sha256:3588e376b3ea2eea84976f67273d679f229e24c66dce7b82ae45aef04ff6e072", size = 256917, upload-time = "2026-08-15T08:20:09.142Z" },
    { url = "https://files.pythonhosted.org/packages/80/c2/a7379b840292d0c1ab9fbd17d1f3967aa81794dc95bc74be8999d7fedcf7/charset_normalizer-3.5.1-cp37-abi3-musllinux_1_2_x86_64.whl", hash = "sha256:e199fb99720074809a7720f1c0b4d919eea8b87e88713e0f8f602f7bef543d9d", size = 254846, upload-time = "2026-08-15T08:20:10.727Z" },
    { url = "https://files.pythonhosted.org/packages/01/65/d43b714731bb2f40d4053dfa00ecfc1c5a301f8e3316c5db3a09af59fe94/charset_normalizer-3.5.1-cp37-abi3-win32.whl", hash = "sha256:dd732602a7009217f658d5863d12d79d373a4de0eebc111094bcdd3bb8e0a6cc", size = 174216, upload-time = "2026-08-15T08:20:12.334Z" },
    { url = "https://files.pythonhosted.org/packages/35/4f/b911ed898b26a09789eba9c9200c999aff6c61b4bafaf4838e56d1a1e1a3/charset_normalizer-3.5.1-cp37-abi3-win_amd64.whl", hash = "sha256:70055ff39b97c99e7ae40ea3e393fb62aa2e44dbd9b29f8d14f42fb0025c3959", size = 199764, upload-time = "2026-08-15T08:20:13.908Z" },
    { url = "https://files.pythonhosted.org/packages/f0/a7/920baf467bfd9bf689f3b318340f37aee4572a71f162bd8db51da55ba4fa/charset_normalizer-3.5.1-cp37-abi3-win_arm64.whl", hash = "sha256:87e4f41d375c0b9be2fb5251aee4b8a689169e134535aed81bf085c3b647451e", size = 287318, upload-time = "2026-08-15T08:20:15.551Z" },
    { url = "https://files.pythonhosted.org/packages/cc/61/d01fc49b8dea277640b55a9e15960dbca9fdc8c9fde18e572d39c59f4019/charset_normalizer-3.5.1-py3-none-any.whl", hash = "sha256:6df0ec430f9a831772c23ca5a224cba36517a58a84bb32c32bb59a9fa67c47f6", size = 68658, upload-time = "2026-08-15T08:20:43.306Z" },
]

[[package]]
name = "courlan"
version = "1.4.0"
source = { registry = "https://pypi.org/simple" }
dependencies = [
    { name = "babel" },
    { name = "tld" },
    { name = "urllib3" },
]
sdist = { url = "https://files.pythonhosted.org/packages/bb/16/2a771612ee0b3acaa95ac21cc7e8a3319e815d6360f8ffc5987d1ce28499/courlan-1.4.0.tar.gz", hash = "sha256:fbbac7b7fcde2195ea08e707609503c81cf39c891e8d26cdb1fed4585782d63d", size = 208997, upload-time = "2026-06-01T17:30:17.306Z" }
wheels = [
    { url = "https://files.pythonhosted.org/packages/1f/38/ce65091ff20a16e06d17418c4353af5f56d3190821b1a06983c79ae79274/courlan-1.4.0-py3-none-any.whl", hash = "sha256:ad1dbdefd912ca7238d4607dc855df5df097f56bac175dd662c84eed3802f49e", size = 34193, upload-time = "2026-06-01T17:30:14.984Z" },
]

[[package]]
name = "dateparser"
version = "1.2.2"
source = { registry = "https://pypi.org/simple" }
dependencies = [
    { name = "python-dateutil" },
    { name = "pytz" },
    { name = "regex" },
    { name = "tzlocal" },
]
sdist = { url = "https://files.pythonhosted.org/packages/a9/30/064144f0df1749e7bb5faaa7f52b007d7c2d08ec08fed8411aba87207f68/dateparser-1.2.2.tar.gz", hash = "sha256:986316f17cb8cdc23ea8ce563027c5ef12fc725b6fb1d137c14ca08777c5ecf7", size = 329840, upload-time = "2025-06-26T09:29:23.211Z" }
wheels = [
    { url = "https://files.pythonhosted.org/packages/87/22/f020c047ae1346613db9322638186468238bcfa8849b4668a22b97faad65/dateparser-1.2.2-py3-none-any.whl", hash = "sha256:5a5d7211a09013499867547023a2a0c91d5a27d15dd4dbcea676ea9fe66f2482", size = 315453, upload-time = "2025-06-26T09:29:21.412Z" },
]

[[package]]
name = "htmldate"
version = "1.10.0"
source = { registry = "https://pypi.org/simple" }
dependencies = [
    { name = "charset-normalizer" },
    { name = "dateparser" },
    { name = "lxml" },
    { name = "python-dateutil" },
    { name = "urllib3" },
]
sdist = { url = "https://files.pythonhosted.org/packages/ad/1f/e7cf83e23d7b68105de8b874a8b36ba23b450d6f71388583e4ca3ce475ca/htmldate-1.10.0.tar.gz", hash = "sha256:a38df10772ab5d7dbb11896e3f6a852a8491fb1b0965465bc174e23fc2baae58", size = 44455, upload-time = "2026-06-01T17:43:53.437Z" }
wheels = [
    { url = "https://files.pythonhosted.org/packages/f7/17/d3356233c826c641f940983d9479eab27faec59d49f4070bc58e80fcc021/htmldate-1.10.0-py3-none-any.whl", hash = "sha256:9211dae35ab94147c8ed9e5fc2c9287a5cf31d2394cb7857e7f5dd814eb2aad6", size = 31561, upload-time = "2026-06-01T17:43:51.797Z" },
]

[[package]]
name = "justext"
version = "3.0.2"
source = { registry = "https://pypi.org/simple" }
dependencies = [
    { name = "lxml", extra = ["html-clean"] },
]
sdist = { url = "https://files.pythonhosted.org/packages/49/f3/45890c1b314f0d04e19c1c83d534e611513150939a7cf039664d9ab1e649/justext-3.0.2.tar.gz", hash = "sha256:13496a450c44c4cd5b5a75a5efcd9996066d2a189794ea99a49949685a0beb05", size = 828521, upload-time = "2025-02-25T20:21:49.934Z" }
wheels = [
    { url = "https://files.pythonhosted.org/packages/f2/ac/52f4e86d1924a7fc05af3aeb34488570eccc39b4af90530dd6acecdf16b5/justext-3.0.2-py2.py3-none-any.whl", hash = "sha256:62b1c562b15c3c6265e121cc070874243a443bfd53060e869393f09d6b6cc9a7", size = 837940, upload-time = "2025-02-25T20:21:44.179Z" },
]

[[package]]
name = "lxml"
version = "6.1.1"
source = { registry = "https://pypi.org/simple" }
sdist = { url = "https://files.pythonhosted.org/packages/05/3b/aab6728cae887456f409b4d75e8a01856e4f04bd510de38052a47768b680/lxml-6.1.1.tar.gz", hash = "sha256:ba96ae44888e0185281e937633a743ea90d5a196c6000f82565ebb0580012d40", size = 4197430, upload-time = "2026-05-18T19:19:06.424Z" }
wheels = [
    { url = "https://files.pythonhosted.org/packages/13/e2/2e325795566de01d0d7c3bb57d3c370616b2d07b01214e84eec5d3b10963/lxml-6.1.1-cp314-cp314-macosx_10_15_universal2.whl", hash = "sha256:19b7ab10b210b0b3ad7985d9ac4eb66ab09a90b20fe6e2f7ba55d01a234345d0", size = 8577146, upload-time = "2026-05-18T19:18:17.765Z" },
    { url = "https://files.pythonhosted.org/packages/93/cf/5630b5e4be7d2e6bee8efe83865c925221103cf0221303b104ce134b01e2/lxml-6.1.1-cp314-cp314-macosx_10_15_x86_64.whl", hash = "sha256:c08e5c694306507275f2290073350c4f32e383db15213b2c69e7ff39c1193840", size = 4623866, upload-time = "2026-05-18T19:18:30.669Z" },
    { url = "https://files.pythonhosted.org/packages/d2/51/3904907c063451cf8d4a5c9fe0cad95fa1f4ec57f4e3884fa0731bd7a305/lxml-6.1.1-cp314-cp314-manylinux2014_aarch64.manylinux_2_17_aarch64.whl", hash = "sha256:74a9717fd0d82effef5c2854f0d917231d5324b5a3eb7275c43ac9fa32f97a14", size = 4950022, upload-time = "2026-05-18T19:19:31.958Z" },
    { url = "https://files.pythonhosted.org/packages/94/cd/9c7611a51c37a2830928405817cc5d56a97f64fab83cc3f628748b135749/lxml-6.1.1-cp314-cp314-manylinux2014_x86_64.manylinux_2_17_x86_64.whl", hash = "sha256:efe0374196335f93b53269acd811b944f2e6bdc88e8894f214bd636455484909", size = 5086695, upload-time = "2026-05-18T19:19:34.764Z" },
    { url = "https://files.pythonhosted.org/packages/da/d6/24e3b5906abb0b674ff2ae195bc3ce59708df2bcd17cf17703b2d7dd643a/lxml-6.1.1-cp314-cp314-manylinux_2_26_aarch64.manylinux_2_28_aarch64.whl", hash = "sha256:ac931cdc9442c1763b8a8f6cd62c0c938737eafc5be75eff88df55fc73bc0d00", size = 5031642, upload-time = "2026-05-18T19:19:37.771Z" },
    { url = "https://files.pythonhosted.org/packages/2d/db/6ec54f99019838bff54785c51da07f189eb4676861c5f2730962b0d8d665/lxml-6.1.1-cp314-cp314-manylinux_2_26_ppc64le.manylinux_2_28_ppc64le.whl", hash = "sha256:aee395f5d0927f947758b4ec119fd5fc8ec71f07a1c5c52077b30b04c0fa6955", size = 5647338, upload-time = "2026-05-18T19:19:40.553Z" },
    { url = "https://files.pythonhosted.org/packages/42/3d/ef4dcfffd22d27a61805d8ed9f7fb888495bc6aa88648fa07c1eaa5586b6/lxml-6.1.1-cp314-cp314-manylinux_2_26_x86_64.manylinux_2_28_x86_64.whl", hash = "sha256:9395002973c827b3ed67db77e6ec09f092919a587022174554096a269378fb13", size = 5239528, upload-time = "2026-05-18T19:19:43.657Z" },
    { url = "https://files.pythonhosted.org/packages/62/bb/37fb3f0dff146bdcfa78eec47879273820b2a0bf350ec236ce14bd0b1c26/lxml-6.1.1-cp314-cp314-manylinux_2_28_i686.whl", hash = "sha256:73bc2086f141224ebddb7fc5c6a36ca58b31b94b561e1dfe8e073e3270fad1e7", size = 5350730, upload-time = "2026-05-18T19:19:46.307Z" },
    { url = "https://files.pythonhosted.org/packages/90/42/43253f168388df4fae1f38c01df36ddb9bee39e2048167b54cdcbae85ea3/lxml-6.1.1-cp314-cp314-manylinux_2_31_armv7l.whl", hash = "sha256:3779def59032b81e44a5f70096ef6bf2082f8d901937dca354474ba09782e245", size = 4697530, upload-time = "2026-05-18T19:19:49.889Z" },
    { url = "https://files.pythonhosted.org/packages/eb/a8/c5a8504f81bbdfc8e7094c2c850cdb4ed6777fc4d5ddd9e5ab819f3b0d54/lxml-6.1.1-cp314-cp314-manylinux_2_38_riscv64.manylinux_2_39_riscv64.whl", hash = "sha256:86c89b9d55ebf820ad7c90bc533410f0d098054f293351f10603c0c46ff598f5", size = 5250670, upload-time = "2026-05-18T19:19:53.199Z" },
    { url = "https://files.pythonhosted.org/packages/77/b7/c7e76ab18744d75e21f320ebf9ff9d1ceae2b54dd431ea5a64caf26c9672/lxml-6.1.1-cp314-cp314-musllinux_1_2_aarch64.whl", hash = "sha256:19607c6bbff2a44cf3fe8250abccd20942d3462473e0a721d01d379ed017e462", size = 5084485, upload-time = "2026-05-18T19:19:08.422Z" },
    { url = "https://files.pythonhosted.org/packages/31/31/b35c53f8ef7b7c31cacd23d3638652fff7bcd1deb6eedb709ab43b685908/lxml-6.1.1-cp314-cp314-musllinux_1_2_armv7l.whl", hash = "sha256:c6ed5141a5c7507cf3ee76bd363b0d6f801e3321adc35b5d825a23115faa5465", size = 4737635, upload-time = "2026-05-18T19:19:12.321Z" },
    { url = "https://files.pythonhosted.org/packages/d9/06/31f23c813a7fe8e0cb1b175e915b08c9bf4e86d225b210feadbdbe519667/lxml-6.1.1-cp314-cp314-musllinux_1_2_ppc64le.whl", hash = "sha256:62aeb7e85b5d60320b9d77eef2e773994e2c0ce10121b277e0a19804e1654a5a", size = 5670681, upload-time = "2026-05-18T19:19:15.001Z" },
    { url = "https://files.pythonhosted.org/packages/1a/bc/ce619bccc89b1fd9ad8a8e1330ee3f3beff9f2ff95b712d7bbcdd6e22fc3/lxml-6.1.1-cp314-cp314-musllinux_1_2_riscv64.whl", hash = "sha256:b1b963fd8f5caa68e99dfae060d54de1fe9cba899b8718b44a00cdca53c3e590", size = 5238229, upload-time = "2026-05-18T19:19:18.131Z" },
    { url = "https://files.pythonhosted.org/packages/2f/5d/b329acbbedc0b619ebc2be6cf7ee9ed07e80892c88d4dfd612c33805789a/lxml-6.1.1-cp314-cp314-musllinux_1_2_x86_64.whl", hash = "sha256:63876be28efefa04a1df615b46770e82042cce445cfdce55160522f57b231ccb", size = 5264191, upload-time = "2026-05-18T19:19:21.118Z" },
    { url = "https://files.pythonhosted.org/packages/d6/85/be36fb1425b30db3c3f9df75fe86343ebffb79e6320bd7f588e25bfeac39/lxml-6.1.1-cp314-cp314-win32.whl", hash = "sha256:7f7a92e8583f06b1fd49d01158143b8461cfcd135dcb10ec807270a3051bd603", size = 3657202, upload-time = "2026-05-18T19:17:39.509Z" },
    { url = "https://files.pythonhosted.org/packages/b8/ce/3cf9a827342269f54d405a6202397de63f07c69cbd6ce7d183a3f0cba1e9/lxml-6.1.1-cp314-cp314-win_amd64.whl", hash = "sha256:b2d444f2e66624d68e9c6b211e28a76e22fff5fcabcfff4deac18b529b7d4137", size = 4064497, upload-time = "2026-05-18T19:18:14.662Z" },
    { url = "https://files.pythonhosted.org/packages/d9/3e/1a957bde8f0760039e627f94699f82caa782c9d838d86c3d28245ee67212/lxml-6.1.1-cp314-cp314-win_arm64.whl", hash = "sha256:3fd9728a2735fda14f4e8235830c86b539e9661e849665bf926d3f867943b4bf", size = 3741991, upload-time = "2026-05-19T19:22:59.111Z" },
    { url = "https://files.pythonhosted.org/packages/78/b2/00ed55b3a2efa4658fb795c38d1090ec9b3e8a6c3683d4441fa517f09c3b/lxml-6.1.1-cp314-cp314t-macosx_10_15_universal2.whl", hash = "sha256:787b2496d0dbe8cd180984e8d29e3a6f76e7ea34db781cb3bd55e4ba1ef8b4ee", size = 8827545, upload-time = "2026-05-18T19:18:41.193Z" },
    { url = "https://files.pythonhosted.org/packages/c0/73/74573db19baa618d5f266f2407898b087ff6927115b00b71e5fc1b700847/lxml-6.1.1-cp314-cp314t-macosx_10_15_x86_64.whl", hash = "sha256:2c8daa471358dc2d6fcf02165e80ec68f77871a286df95bc5cc3816153b0fd2c", size = 4735736, upload-time = "2026-05-18T19:18:46.761Z" },
    { url = "https://files.pythonhosted.org/packages/16/02/6f7061f4f95f51e545d48e87647c54791d204a4e881be4156e7a26ba5338/lxml-6.1.1-cp314-cp314t-manylinux2014_aarch64.manylinux_2_17_aarch64.whl", hash = "sha256:acd7d70b64c0aae0c7922cca83d288a16f5f6da523637697872253415269baef", size = 4970291, upload-time = "2026-05-18T19:19:56.215Z" },
    { url = "https://files.pythonhosted.org/packages/b0/02/55fc057d8283427dea7d6edb102e7a840239c77a64a983d92f62a304c0e9/lxml-6.1.1-cp314-cp314t-manylinux2014_x86_64.manylinux_2_17_x86_64.whl", hash = "sha256:4f0dd2f01f9f8a89f565d000e03abcf0a13d692a346c8d22f628d49af098777a", size = 5102822, upload-time = "2026-05-18T19:19:59.223Z" },
    { url = "https://files.pythonhosted.org/packages/e4/48/8e1cf78d89d66850121d9255a2a24414c98f775da93b90cf976956c24b14/lxml-6.1.1-cp314-cp314t-manylinux_2_26_aarch64.manylinux_2_28_aarch64.whl", hash = "sha256:0b7e8a14c8634bf6f7a568634cb395305a6d964aeb5b7ee32248094bed3a7e2c", size = 5027923, upload-time = "2026-05-18T19:20:01.549Z" },
    { url = "https://files.pythonhosted.org/packages/ed/00/0632a0647612c8af24d26997b3b961397daa9d5b2581444805933629a4cb/lxml-6.1.1-cp314-cp314t-manylinux_2_26_ppc64le.manylinux_2_28_ppc64le.whl", hash = "sha256:86281fbdd6a8162756f8d603f37e3435bfa38043adb79c6dc6a2dfee065e7525", size = 5595843, upload-time = "2026-05-18T19:20:03.93Z" },
    { url = "https://files.pythonhosted.org/packages/bc/86/ab008a7dc360711b66858d61c80a5979a70a09f2aa2b05d9698df80b803d/lxml-6.1.1-cp314-cp314t-manylinux_2_26_x86_64.manylinux_2_28_x86_64.whl", hash = "sha256:c5d7152ec39ca7c402d8fb9bad86140a15b9503bd0c54484e3f1bbe3dd37ceca", size = 5224515, upload-time = "2026-05-18T19:20:06.381Z" },
    { url = "https://files.pythonhosted.org/packages/75/c6/2702ff375e728e34f56d9a45339a9cf7e4427e917f542225242d63a05afa/lxml-6.1.1-cp314-cp314t-manylinux_2_28_i686.whl", hash = "sha256:88d8cb75b9d82858497a5393e3c63cfbf03035225e4b35a49ed7ccb151e4dc0e", size = 5312511, upload-time = "2026-05-18T19:20:09.308Z" },
    { url = "https://files.pythonhosted.org/packages/b7/57/a5807c98f87a86f10ef9ffab35516df7c0f0c4b6d5d33e9f608ab9c04a31/lxml-6.1.1-cp314-cp314t-manylinux_2_31_armv7l.whl", hash = "sha256:f64ec5397ea6a41fc1b4af0380d79b44a755b5531dcaccd9940fb260dca93038", size = 4639206, upload-time = "2026-05-18T19:20:11.704Z" },
    { url = "https://files.pythonhosted.org/packages/1f/e1/8a0a2c35734812395f4da4eaf33748a7e5705bfb2a58b128da764339d5ec/lxml-6.1.1-cp314-cp314t-manylinux_2_38_riscv64.manylinux_2_39_riscv64.whl", hash = "sha256:d34bbf07dbc7ca5970671b1512e928991fb5e9d95365636c9b2d8b4f53af405e", size = 5232404, upload-time = "2026-05-18T19:20:14.064Z" },
    { url = "https://files.pythonhosted.org/packages/c2/e2/0e6a4dd5ad84d01d99aa7bae7cfefd4a760a0e0f8176818241de17d9b6c0/lxml-6.1.1-cp314-cp314t-musllinux_1_2_aarch64.whl", hash = "sha256:17e0e18d4ad8adbd0399291bc44845b69d9dd68439a3cdebdf35ff902ec05072", size = 5083769, upload-time = "2026-05-18T19:19:23.758Z" },
    { url = "https://files.pythonhosted.org/packages/a0/7e/161f33d463f6ffc1c7679104b65086dea120080d49dde4d238f015aaee2f/lxml-6.1.1-cp314-cp314t-musllinux_1_2_armv7l.whl", hash = "sha256:3ab541146f1f6968c462d6c2ac495148e8cdba2f8347700b2141b6ec5a75bf52", size = 4758936, upload-time = "2026-05-18T19:19:27.256Z" },
    { url = "https://files.pythonhosted.org/packages/f1/fb/2369825e3f6ca99305bf9f7b7085fda91c8b0922a89e54d900974aa3ef85/lxml-6.1.1-cp314-cp314t-musllinux_1_2_ppc64le.whl", hash = "sha256:2a0217714657e023ef4293500f65aa20fce6164c8fd6b08fa5bd4a859fb14b9b", size = 5620296, upload-time = "2026-05-18T19:19:29.993Z" },
    { url = "https://files.pythonhosted.org/packages/30/90/d61e383146f74c5ab683947ea14dc7b82778838ab9b95ea73a23b60d0191/lxml-6.1.1-cp314-cp314t-musllinux_1_2_riscv64.whl", hash = "sha256:05a82eb6e1530a64f26225b55cbd178113bd0b5af1c2b625f25e5296742c26d2", size = 5228598, upload-time = "2026-05-18T19:19:33.523Z" },
    { url = "https://files.pythonhosted.org/packages/76/2d/2dafd8149e94b05bb070690efd5bb2680720681e03ff03fc57d2b70a1105/lxml-6.1.1-cp314-cp314t-musllinux_1_2_x86_64.whl", hash = "sha256:9e36f163528fc50cbef305f02a5fd66d404edf7049cdaff211dbc2cba5a7013e", size = 5247845, upload-time = "2026-05-18T19:19:36.649Z" },
    { url = "https://files.pythonhosted.org/packages/ce/68/b30e913340c380ddac9580c6e6230991fc37240ec4f64704833e4f3e2769/lxml-6.1.1-cp314-cp314t-win32.whl", hash = "sha256:649dda677cf3bd6ac9ae14007ba0c824ded8ce5808b53fc7431d9140399118c1", size = 3897345, upload-time = "2026-05-18T19:17:33.562Z" },
    { url = "https://files.pythonhosted.org/packages/3c/4e/9eb2af5335545f9fbcd7af57bcf87c6025d31eaa31b14ec184a6c8675328/lxml-6.1.1-cp314-cp314t-win_amd64.whl", hash = "sha256:793033d6c5cdf33a573f910d9bea14ef8f5771820411d118da8e1182edb53d5e", size = 4393350, upload-time = "2026-05-18T19:18:10.076Z" },
    { url = "https://files.pythonhosted.org/packages/7f/2c/0f1e93c636720e8a3eb59af2bfda99d98b55891e1c53bc30c2e0e865f01b/lxml-6.1.1-cp314-cp314t-win_arm64.whl", hash = "sha256:58bb955caba94e467d2a96da17660d2d704e0675894cba21ab8a775b8621fd1c", size = 3817223, upload-time = "2026-05-19T19:22:56.823Z" },
]

[package.optional-dependencies]
html-clean = [
    { name = "lxml-html-clean" },
]

[[package]]
name = "lxml-html-clean"
version = "0.4.2"
source = { registry = "https://pypi.org/simple" }
dependencies = [
    { name = "lxml" },
]
sdist = { url = "https://files.pythonhosted.org/packages/79/b6/466e71db127950fb8d172026a8f0a9f0dc6f64c8e78e2ca79f252e5790b8/lxml_html_clean-0.4.2.tar.gz", hash = "sha256:91291e7b5db95430abf461bc53440964d58e06cc468950f9e47db64976cebcb3", size = 21622, upload-time = "2025-04-09T11:33:59.432Z" }
wheels = [
    { url = "https://files.pythonhosted.org/packages/4e/0b/942cb7278d6caad79343ad2ddd636ed204a47909b969d19114a3097f5aa3/lxml_html_clean-0.4.2-py3-none-any.whl", hash = "sha256:74ccfba277adcfea87a1e9294f47dd86b05d65b4da7c5b07966e3d5f3be8a505", size = 14184, upload-time = "2025-04-09T11:33:57.988Z" },
]

[[package]]
name = "python-dateutil"
version = "2.9.0.post0"
source = { registry = "https://pypi.org/simple" }
dependencies = [
    { name = "six" },
]
sdist = { url = "https://files.pythonhosted.org/packages/66/c0/0c8b6ad9f17a802ee498c46e004a0eb49bc148f2fd230864601a86dcf6db/python-dateutil-2.9.0.post0.tar.gz", hash = "sha256:37dd54208da7e1cd875388217d5e00ebd4179249f90fb72437e91a35459a0ad3", size = 342432, upload-time = "2024-03-01T18:36:20.211Z" }
wheels = [
    { url = "https://files.pythonhosted.org/packages/ec/57/56b9bcc3c9c6a792fcbaf139543cee77261f3651ca9da0c93f5c1221264b/python_dateutil-2.9.0.post0-py2.py3-none-any.whl", hash = "sha256:a8b2bc7bffae282281c8140a97d3aa9c14da0b136dfe83f850eea9a5f7470427", size = 229892, upload-time = "2024-03-01T18:36:18.57Z" },
]

[[package]]
name = "pytz"
version = "2025.2"
source = { registry = "https://pypi.org/simple" }
sdist = { url = "https://files.pythonhosted.org/packages/f8/bf/abbd3cdfb8fbc7fb3d4d38d320f2441b1e7cbe29be4f23797b4a2b5d8aac/pytz-2025.2.tar.gz", hash = "sha256:360b9e3dbb49a209c21ad61809c7fb453643e048b38924c765813546746e81c3", size = 320884, upload-time = "2025-03-25T02:25:00.538Z" }
wheels = [
    { url = "https://files.pythonhosted.org/packages/81/c4/34e93fe5f5429d7570ec1fa436f1986fb1f00c3e0f43a589fe2bbcd22c3f/pytz-2025.2-py2.py3-none-any.whl", hash = "sha256:5ddf76296dd8c44c26eb8f4b6f35488f3ccbf6fbbd7adee0b7262d43f0ec2f00", size = 509225, upload-time = "2025-03-25T02:24:58.468Z" },
]

[[package]]
name = "regex"
version = "2025.7.34"
source = { registry = "https://pypi.org/simple" }
sdist = { url = "https://files.pythonhosted.org/packages/0b/de/e13fa6dc61d78b30ba47481f99933a3b49a57779d625c392d8036770a60d/regex-2025.7.34.tar.gz", hash = "sha256:9ead9765217afd04a86822dfcd4ed2747dfe426e887da413b15ff0ac2457e21a", size = 400714, upload-time = "2025-07-31T00:21:16.262Z" }
wheels = [
    { url = "https://files.pythonhosted.org/packages/ac/23/6376f3a23cf2f3c00514b1cdd8c990afb4dfbac3cb4a68b633c6b7e2e307/regex-2025.7.34-cp314-cp314-macosx_10_13_universal2.whl", hash = "sha256:8283afe7042d8270cecf27cca558873168e771183d4d593e3c5fe5f12402212a", size = 485385, upload-time = "2025-07-31T00:20:19.692Z" },
    { url = "https://files.pythonhosted.org/packages/73/5b/6d4d3a0b4d312adbfd6d5694c8dddcf1396708976dd87e4d00af439d962b/regex-2025.7.34-cp314-cp314-macosx_10_13_x86_64.whl", hash = "sha256:6c053f9647e3421dd2f5dff8172eb7b4eec129df9d1d2f7133a4386319b47435", size = 289788, upload-time = "2025-07-31T00:20:21.941Z" },
    { url = "https://files.pythonhosted.org/packages/92/71/5862ac9913746e5054d01cb9fb8125b3d0802c0706ef547cae1e7f4428fa/regex-2025.7.34-cp314-cp314-macosx_11_0_arm64.whl", hash = "sha256:a16dd56bbcb7d10e62861c3cd000290ddff28ea142ffb5eb3470f183628011ac", size = 286136, upload-time = "2025-07-31T00:20:26.146Z" },
    { url = "https://files.pythonhosted.org/packages/27/df/5b505dc447eb71278eba10d5ec940769ca89c1af70f0468bfbcb98035dc2/regex-2025.7.34-cp314-cp314-manylinux2014_aarch64.manylinux_2_17_aarch64.manylinux_2_28_aarch64.whl", hash = "sha256:69c593ff5a24c0d5c1112b0df9b09eae42b33c014bdca7022d6523b210b69f72", size = 797753, upload-time = "2025-07-31T00:20:27.919Z" },
    { url = "https://files.pythonhosted.org/packages/86/38/3e3dc953d13998fa047e9a2414b556201dbd7147034fbac129392363253b/regex-2025.7.34-cp314-cp314-manylinux2014_ppc64le.manylinux_2_17_ppc64le.manylinux_2_28_ppc64le.whl", hash = "sha256:98d0ce170fcde1a03b5df19c5650db22ab58af375aaa6ff07978a85c9f250f0e", size = 863263, upload-time = "2025-07-31T00:20:29.803Z" },
    { url = "https://files.pythonhosted.org/packages/68/e5/3ff66b29dde12f5b874dda2d9dec7245c2051f2528d8c2a797901497f140/regex-2025.7.34-cp314-cp314-manylinux2014_s390x.manylinux_2_17_s390x.manylinux_2_28_s390x.whl", hash = "sha256:d72765a4bff8c43711d5b0f5b452991a9947853dfa471972169b3cc0ba1d0751", size = 910103, upload-time = "2025-07-31T00:20:31.313Z" },
    { url = "https://files.pythonhosted.org/packages/9e/fe/14176f2182125977fba3711adea73f472a11f3f9288c1317c59cd16ad5e6/regex-2025.7.34-cp314-cp314-manylinux2014_x86_64.manylinux_2_17_x86_64.manylinux_2_28_x86_64.whl", hash = "sha256:4494f8fd95a77eb434039ad8460e64d57baa0434f1395b7da44015bef650d0e4", size = 801709, upload-time = "2025-07-31T00:20:33.323Z" },
    { url = "https://files.pythonhosted.org/packages/5a/0d/80d4e66ed24f1ba876a9e8e31b709f9fd22d5c266bf5f3ab3c1afe683d7d/regex-2025.7.34-cp314-cp314-musllinux_1_2_aarch64.whl", hash = "sha256:4f42b522259c66e918a0121a12429b2abcf696c6f967fa37bdc7b72e61469f98", size = 786726, upload-time = "2025-07-31T00:20:35.252Z" },
    { url = "https://files.pythonhosted.org/packages/12/75/c3ebb30e04a56c046f5c85179dc173818551037daae2c0c940c7b19152cb/regex-2025.7.34-cp314-cp314-musllinux_1_2_ppc64le.whl", hash = "sha256:aaef1f056d96a0a5d53ad47d019d5b4c66fe4be2da87016e0d43b7242599ffc7", size = 857306, upload-time = "2025-07-31T00:20:37.12Z" },
    { url = "https://files.pythonhosted.org/packages/b1/b2/a4dc5d8b14f90924f27f0ac4c4c4f5e195b723be98adecc884f6716614b6/regex-2025.7.34-cp314-cp314-musllinux_1_2_s390x.whl", hash = "sha256:656433e5b7dccc9bc0da6312da8eb897b81f5e560321ec413500e5367fcd5d47", size = 848494, upload-time = "2025-07-31T00:20:38.818Z" },
    { url = "https://files.pythonhosted.org/packages/0d/21/9ac6e07a4c5e8646a90b56b61f7e9dac11ae0747c857f91d3d2bc7c241d9/regex-2025.7.34-cp314-cp314-musllinux_1_2_x86_64.whl", hash = "sha256:e91eb2c62c39705e17b4d42d4b86c4e86c884c0d15d9c5a47d0835f8387add8e", size = 787850, upload-time = "2025-07-31T00:20:40.478Z" },
    { url = "https://files.pythonhosted.org/packages/be/6c/d51204e28e7bc54f9a03bb799b04730d7e54ff2718862b8d4e09e7110a6a/regex-2025.7.34-cp314-cp314-win32.whl", hash = "sha256:f978ddfb6216028c8f1d6b0f7ef779949498b64117fc35a939022f67f810bdcb", size = 269730, upload-time = "2025-07-31T00:20:42.253Z" },
    { url = "https://files.pythonhosted.org/packages/74/52/a7e92d02fa1fdef59d113098cb9f02c5d03289a0e9f9e5d4d6acccd10677/regex-2025.7.34-cp314-cp314-win_amd64.whl", hash = "sha256:4b7dc33b9b48fb37ead12ffc7bdb846ac72f99a80373c4da48f64b373a7abeae", size = 278640, upload-time = "2025-07-31T00:20:44.42Z" },
    { url = "https://files.pythonhosted.org/packages/d1/78/a815529b559b1771080faa90c3ab401730661f99d495ab0071649f139ebd/regex-2025.7.34-cp314-cp314-win_arm64.whl", hash = "sha256:4b8c4d39f451e64809912c82392933d80fe2e4a87eeef8859fcc5380d0173c64", size = 271757, upload-time = "2025-07-31T00:20:46.355Z" },
]

[[package]]
name = "six"
version = "1.17.0"
source = { registry = "https://pypi.org/simple" }
sdist = { url = "https://files.pythonhosted.org/packages/94/e7/b2c673351809dca68a0e064b6af791aa332cf192da575fd474ed7d6f16a2/six-1.17.0.tar.gz", hash = "sha256:ff70335d468e7eb6ec65b95b99d3a2836546063f63acc5171de367e834932a81", size = 34031, upload-time = "2024-12-04T17:35:28.174Z" }
wheels = [
    { url = "https://files.pythonhosted.org/packages/b7/ce/149a00dd41f10bc29e5921b496af8b574d8413afcd5e30dfa0ed46c2cc5e/six-1.17.0-py2.py3-none-any.whl", hash = "sha256:4721f391ed90541fddacab5acf947aa0d3dc7d27b2e1e8eda2be8970586c3274", size = 11050, upload-time = "2024-12-04T17:35:26.475Z" },
]

[[package]]
name = "tld"
version = "0.13.1"
source = { registry = "https://pypi.org/simple" }
sdist = { url = "https://files.pythonhosted.org/packages/df/a1/5723b07a70c1841a80afc9ac572fdf53488306848d844cd70519391b0d26/tld-0.13.1.tar.gz", hash = "sha256:75ec00936cbcf564f67361c41713363440b6c4ef0f0c1592b5b0fbe72c17a350", size = 462000, upload-time = "2025-05-21T22:18:29.341Z" }
wheels = [
    { url = "https://files.pythonhosted.org/packages/dc/70/b2f38360c3fc4bc9b5e8ef429e1fde63749144ac583c2dbdf7e21e27a9ad/tld-0.13.1-py2.py3-none-any.whl", hash = "sha256:a2d35109433ac83486ddf87e3c4539ab2c5c2478230e5d9c060a18af4b03aa7c", size = 274718, upload-time = "2025-05-21T22:18:25.811Z" },
]

[[package]]
name = "trafilatura"
version = "2.2.0"
source = { registry = "https://pypi.org/simple" }
dependencies = [
    { name = "certifi" },
    { name = "charset-normalizer" },
    { name = "courlan" },
    { name = "htmldate" },
    { name = "justext" },
    { name = "lxml" },
    { name = "urllib3" },
]
sdist = { url = "https://files.pythonhosted.org/packages/a3/96/737133a93e73e967f9c888e6cfb1f2c31b2083d27263edb19fd65a9aca02/trafilatura-2.2.0.tar.gz", hash = "sha256:8c2cabb84066465228d03183fb698ce0b1245b81c58140b8ae0de57fddf3aae7", size = 314748, upload-time = "2026-07-31T16:06:49.444Z" }
wheels = [
    { url = "https://files.pythonhosted.org/packages/c3/01/af18878398102a5a5afa0811f4f8f2a8a94a60cc16e8e9cf54bc95f96808/trafilatura-2.2.0-py3-none-any.whl", hash = "sha256:ac43592a6201264dfc4f9c361cbe3eb3fea96e54437010a159d5e7365360ed98", size = 151906, upload-time = "2026-07-31T16:06:46.485Z" },
]

[[package]]
name = "trafilatura-py"
version = "0.1.0"
source = { virtual = "." }
dependencies = [
    { name = "trafilatura" },
]

[package.metadata]
requires-dist = [{ name = "trafilatura", specifier = "==2.2.0" }]

[[package]]
name = "tzdata"
version = "2025.2"
source = { registry = "https://pypi.org/simple" }
sdist = { url = "https://files.pythonhosted.org/packages/95/32/1a225d6164441be760d75c2c42e2780dc0873fe382da3e98a2e1e48361e5/tzdata-2025.2.tar.gz", hash = "sha256:b60a638fcc0daffadf82fe0f57e53d06bdec2f36c4df66280ae79bce6bd6f2b9", size = 196380, upload-time = "2025-03-23T13:54:43.652Z" }
wheels = [
    { url = "https://files.pythonhosted.org/packages/5c/23/c7abc0ca0a1526a0774eca151daeb8de62ec457e77262b66b359c3c7679e/tzdata-2025.2-py2.py3-none-any.whl", hash = "sha256:1a403fada01ff9221ca8044d701868fa132215d84beb92242d9acd2147f667a8", size = 347839, upload-time = "2025-03-23T13:54:41.845Z" },
]

[[package]]
name = "tzlocal"
version = "5.3.1"
source = { registry = "https://pypi.org/simple" }
dependencies = [
    { name = "tzdata", marker = "sys_platform == 'win32'" },
]
sdist = { url = "https://files.pythonhosted.org/packages/8b/2e/c14812d3d4d9cd1773c6be938f89e5735a1f11a9f184ac3639b93cef35d5/tzlocal-5.3.1.tar.gz", hash = "sha256:cceffc7edecefea1f595541dbd6e990cb1ea3d19bf01b2809f362a03dd7921fd", size = 30761, upload-time = "2025-03-05T21:17:41.549Z" }
wheels = [
    { url = "https://files.pythonhosted.org/packages/c2/14/e2a54fabd4f08cd7af1c07030603c3356b74da07f7cc056e600436edfa17/tzlocal-5.3.1-py3-none-any.whl", hash = "sha256:eb1a66c3ef5847adf7a834f1be0800581b683b5608e74f86ecbcef8ab91bb85d", size = 18026, upload-time = "2025-03-05T21:17:39.857Z" },
]

[[package]]
name = "urllib3"
version = "2.5.0"
source = { registry = "https://pypi.org/simple" }
sdist = { url = "https://files.pythonhosted.org/packages/15/22/9ee70a2574a4f4599c47dd506532914ce044817c7752a79b6a51286319bc/urllib3-2.5.0.tar.gz", hash = "sha256:3fc47733c7e419d4bc3f6b3dc2b4f890bb743906a30d56ba4a5bfa4bbff92760", size = 393185, upload-time = "2025-06-18T14:07:41.644Z" }
wheels = [
    { url = "https://files.pythonhosted.org/packages/a7/c2/fe1e52489ae3122415c51f387e221dd0773709bad6c6cdaa599e8a2c5185/urllib3-2.5.0-py3-none-any.whl", hash = "sha256:e6b01673c0fa6a13e374b50871808eb3bf7046c4b125b216f6bf1cc604cff0dc", size = 129795, upload-time = "2025-06-18T14:07:40.39Z" },
]
